
Microsoft Visual Studio Solution File, Format Version 12.00
# Visual Studio Version 17
VisualStudioVersion = 17.13.35931.197
MinimumVisualStudioVersion = 10.0.40219.1
Project("{2150E333-8FDC-42A3-9474-1A3956D46DE8}") = "Presentation", "Presentation", "{02EA681E-C7D8-13C7-8484-4AC65E1B71E8}"
EndProject
Project("{2150E333-8FDC-42A3-9474-1A3956D46DE8}") = "Domain", "Domain", "{A27B270C-52EC-4ACC-96CB-C81F87622387}"
EndProject
Project("{2150E333-8FDC-42A3-9474-1A3956D46DE8}") = "Infrastructure", "Infrastructure", "{BF281E15-7A5B-4787-953E-D8A1CE39A823}"
EndProject
Project("{2150E333-8FDC-42A3-9474-1A3956D46DE8}") = "Application", "Application", "{4AC23E94-8FB6-4866-983C-7951FF1AB561}"
EndProject
Project("{FAE04EC0-301F-11D3-BF4B-00C04F79EFBC}") = "NotaFiscalApp", "NotaFiscalApp\NotaFiscalApp.csproj", "{1F6601E4-FBF0-CF67-C6FE-F8A363FC8080}"
EndProject
Project("{FAE04EC0-301F-11D3-BF4B-00C04F79EFBC}") = "Application", "Application\Application.csproj", "{F80C4E72-27A0-12B5-0634-DD5C11CFB0C1}"
EndProject
Project("{FAE04EC0-301F-11D3-BF4B-00C04F79EFBC}") = "Domain", "Domain\Domain.csproj", "{E528BBC3-1C26-8C35-F682-23718816ADCD}"
EndProject
Project("{FAE04EC0-301F-11D3-BF4B-00C04F79EFBC}") = "Infrastructure.Data", "Infrastructure\Infrastructure.Data.csproj", "{E86A9C27-B5E6-55AF-275E-D8B4506EBA77}"
EndProject
Global
	GlobalSection(SolutionConfigurationPlatforms) = preSolution
		Debug|Any CPU = Debug|Any CPU
		Release|Any CPU = Release|Any CPU
	EndGlobalSection
	GlobalSection(ProjectConfigurationPlatforms) = postSolution
		{1F6601E4-FBF0-CF67-C6FE-F8A363FC8080}.Debug|Any CPU.ActiveCfg = Debug|Any CPU
		{1F6601E4-FBF0-CF67-C6FE-F8A363FC8080}.Debug|Any CPU.Build.0 = Debug|Any CPU
		{1F6601E4-FBF0-CF67-C6FE-F8A363FC8080}.Release|Any CPU.ActiveCfg = Release|Any CPU
		{1F6601E4-FBF0-CF67-C6FE-F8A363FC8080}.Release|Any CPU.Build.0 = Release|Any CPU
		{F80C4E72-27A0-12B5-0634-DD5C11CFB0C1}.Debug|Any CPU.ActiveCfg = Debug|Any CPU
		{F80C4E72-27A0-12B5-0634-DD5C11CFB0C1}.Debug|Any CPU.Build.0 = Debug|Any CPU
		{F80C4E72-27A0-12B5-0634-DD5C11CFB0C1}.Release|Any CPU.ActiveCfg = Release|Any CPU
		{F80C4E72-27A0-12B5-0634-DD5C11CFB0C1}.Release|Any CPU.Build.0 = Release|Any CPU
		{E528BBC3-1C26-8C35-F682-23718816ADCD}.Debug|Any CPU.ActiveCfg = Debug|Any CPU
		{E528BBC3-1C26-8C35-F682-23718816ADCD}.Debug|Any CPU.Build.0 = Debug|Any CPU
		{E528BBC3-1C26-8C35-F682-23718816ADCD}.Release|Any CPU.ActiveCfg = Release|Any CPU
		{E528BBC3-1C26-8C35-F682-23718816ADCD}.Release|Any CPU.Build.0 = Release|Any CPU
		{E86A9C27-B5E6-55AF-275E-D8B4506EBA77}.Debug|Any CPU.ActiveCfg = Debug|Any CPU
		{E86A9C27-B5E6-55AF-275E-D8B4506EBA77}.Debug|Any CPU.Build.0 = Debug|Any CPU
		{E86A9C27-B5E6-55AF-275E-D8B4506EBA77}.Release|Any CPU.ActiveCfg = Release|Any CPU
		{E86A9C27-B5E6-55AF-275E-D8B4506EBA77}.Release|Any CPU.Build.0 = Release|Any CPU
	EndGlobalSection
	GlobalSection(SolutionProperties) = preSolution
		HideSolutionNode = FALSE
	EndGlobalSection
	GlobalSection(NestedProjects) = preSolution
		{1F6601E4-FBF0-CF67-C6FE-F8A363FC8080} = {02EA681E-C7D8-13C7-8484-4AC65E1B71E8}
		{F80C4E72-27A0-12B5-0634-DD5C11CFB0C1} = {4AC23E94-8FB6-4866-983C-7951FF1AB561}
		{E528BBC3-1C26-8C35-F682-23718816ADCD} = {A27B270C-52EC-4ACC-96CB-C81F87622387}
		{E86A9C27-B5E6-55AF-275E-D8B4506EBA77} = {BF281E15-7A5B-4787-953E-D8A1CE39A823}
	EndGlobalSection
	GlobalSection(ExtensibilityGlobals) = postSolution
		SolutionGuid = {D643CFE5-DA87-419F-9155-472D2438C68A}
	EndGlobalSection
EndGlobal
